
Microsoft Visual Studio Solution File, Format Version 12.00
# Visual Studio Version 17
VisualStudioVersion = 17.9.34622.214
MinimumVisualStudioVersion = 10.0.40219.1
Project("{FAE04EC0-301F-11D3-BF4B-00C04F79EFBC}") = "Demacians_Personality_Test_BSIT32E1", "Demacians_Personality_Test_BSIT32E1\Demacians_Personality_Test_BSIT32E1.csproj", "{6E5574C2-D654-4FE7-A693-048C682D84FC}"
EndProject
Global
	GlobalSection(SolutionConfigurationPlatforms) = preSolution
		Debug|Any CPU = Debug|Any CPU
		Release|Any CPU = Release|Any CPU
	EndGlobalSection
	GlobalSection(ProjectConfigurationPlatforms) = postSolution
		{6E5574C2-D654-4FE7-A693-048C682D84FC}.Debug|Any CPU.ActiveCfg = Debug|Any CPU
		{6E5574C2-D654-4FE7-A693-048C682D84FC}.Debug|Any CPU.Build.0 = Debug|Any CPU
		{6E5574C2-D654-4FE7-A693-048C682D84FC}.Release|Any CPU.ActiveCfg = Release|Any CPU
		{6E5574C2-D654-4FE7-A693-048C682D84FC}.Release|Any CPU.Build.0 = Release|Any CPU
	EndGlobalSection
	GlobalSection(SolutionProperties) = preSolution
		HideSolutionNode = FALSE
	EndGlobalSection
	GlobalSection(ExtensibilityGlobals) = postSolution
		SolutionGuid = {8534556D-F272-485C-A432-91AEAFA080F7}
	EndGlobalSection
EndGlobal
